component: block_timezoneclock
source: https://github.com/harshil8595/moodle-block_timezoneclock
maintainers:
- github: harshil8595
tier: 1
security-contact: https://github.com/harshil8595/moodle-block_timezoneclock/security/advisories
labels:
- fully-free
- donation-supported
status: active
discovered: '2026-07-11'
releases: []
license: GPL-3.0
summary: Moodle block plugin for viewing/converting time in different timezones
metrics:
  updated: '2026-06-21T07:37:34Z'
  stars: 3
  forks: 1
  open-issues: 0
  archived: false
  checked: '2026-07-11'
